// !$*UTF8*$!
{
	archiveVersion = 1;
	classes = {
	};
	objectVersion = 46;
	objects = {

/* Begin PBXBuildFile section */
		DA04E5101B40D9660051D441 /* ALAssetsLibrary+CustomPhotoAlbum.m in Sources */ = {isa = PBXBuildFile; fileRef = DA04E50F1B40D9660051D441 /* ALAssetsLibrary+CustomPhotoAlbum.m */; };
		DA6057561B6478D900E87928 /* SFCountdownView.m in Sources */ = {isa = PBXBuildFile; fileRef = DA6057551B6478D900E87928 /* SFCountdownView.m */; };
		DA8C0C271AF6A1EC004B61F5 /* TTInstructionsViewController.m in Sources */ = {isa = PBXBuildFile; fileRef = DA8C0C261AF6A1EC004B61F5 /* TTInstructionsViewController.m */; };
		DA8C0C2C1AF6AB31004B61F5 /* TTSettingsViewController.m in Sources */ = {isa = PBXBuildFile; fileRef = DA8C0C2B1AF6AB31004B61F5 /* TTSettingsViewController.m */; };
		DA8C0C2F1AF6AF96004B61F5 /* TTBaseViewController.m in Sources */ = {isa = PBXBuildFile; fileRef = DA8C0C2E1AF6AF96004B61F5 /* TTBaseViewController.m */; };
		DA8C0C321AF6B3A4004B61F5 /* TTResourcesViewController.m in Sources */ = {isa = PBXBuildFile; fileRef = DA8C0C311AF6B3A4004B61F5 /* TTResourcesViewController.m */; };
		DA92991F1B40D7D700A1F32D /* CoreImage.framework in Frameworks */ = {isa = PBXBuildFile; fileRef = DA92991E1B40D7D700A1F32D /* CoreImage.framework */; };
		DAAF53291AF846F20041673F /* UIImage+FixOrientation.m in Sources */ = {isa = PBXBuildFile; fileRef = DAAF53281AF846F20041673F /* UIImage+FixOrientation.m */; };
		DAAF532D1AF847060041673F /* LLSimpleCamera.m in Sources */ = {isa = PBXBuildFile; fileRef = DAAF532C1AF847060041673F /* LLSimpleCamera.m */; };
		DAAF53301AF847320041673F /* TTTickCheckViewController.m in Sources */ = {isa = PBXBuildFile; fileRef = DAAF532F1AF847320041673F /* TTTickCheckViewController.m */; };
		DAAF53331AF857440041673F /* MZTimerLabel.m in Sources */ = {isa = PBXBuildFile; fileRef = DAAF53321AF857440041673F /* MZTimerLabel.m */; };
		DAB3D80E1AEDB820003DA43A /* main.m in Sources */ = {isa = PBXBuildFile; fileRef = DAB3D80D1AEDB820003DA43A /* main.m */; };
		DAB3D8111AEDB820003DA43A /* AppDelegate.m in Sources */ = {isa = PBXBuildFile; fileRef = DAB3D8101AEDB820003DA43A /* AppDelegate.m */; };
		DAB3D8141AEDB820003DA43A /* TTLandingViewController.m in Sources */ = {isa = PBXBuildFile; fileRef = DAB3D8131AEDB820003DA43A /* TTLandingViewController.m */; };
		DAB3D8171AEDB820003DA43A /* Main.storyboard in Resources */ = {isa = PBXBuildFile; fileRef = DAB3D8151AEDB820003DA43A /* Main.storyboard */; };
		DAB3D8191AEDB820003DA43A /* Images.xcassets in Resources */ = {isa = PBXBuildFile; fileRef = DAB3D8181AEDB820003DA43A /* Images.xcassets */; };
		DAB3D81C1AEDB820003DA43A /* LaunchScreen.xib in Resources */ = {isa = PBXBuildFile; fileRef = DAB3D81A1AEDB820003DA43A /* LaunchScreen.xib */; };
		DAB3D8281AEDB820003DA43A /* TickTimeTests.m in Sources */ = {isa = PBXBuildFile; fileRef = DAB3D8271AEDB820003DA43A /* TickTimeTests.m */; };
		DAB3D8331AEDBBE9003DA43A /* UIImage+animatedGIF.m in Sources */ = {isa = PBXBuildFile; fileRef = DAB3D8321AEDBBE9003DA43A /* UIImage+animatedGIF.m */; };
		DAC9EEBC1B01A6D400E3B730 /* TTBaseMenuBackgroundView.m in Sources */ = {isa = PBXBuildFile; fileRef = DAC9EEBB1B01A6D400E3B730 /* TTBaseMenuBackgroundView.m */; };
		DAEBCDD81B63C57900199D84 /* tick.gif in Resources */ = {isa = PBXBuildFile; fileRef = DAEBCDD71B63C57900199D84 /* tick.gif */; };
		DAF1AE5F1B3F9E290071F3C7 /* TTTimePickerViewController.m in Sources */ = {isa = PBXBuildFile; fileRef = DAF1AE5E1B3F9E290071F3C7 /* TTTimePickerViewController.m */; };
		DAF1AE661B3FA30D0071F3C7 /* TTButton.m in Sources */ = {isa = PBXBuildFile; fileRef = DAF1AE651B3FA30D0071F3C7 /* TTButton.m */; };
		DAF1AE681B3FA5DF0071F3C7 /* Quicksand-Light.otf in Resources */ = {isa = PBXBuildFile; fileRef = DAF1AE671B3FA5DF0071F3C7 /* Quicksand-Light.otf */; };
		DAF1AE6A1B3FAEBB0071F3C7 /* Quicksand-Bold.otf in Resources */ = {isa = PBXBuildFile; fileRef = DAF1AE691B3FAEBB0071F3C7 /* Quicksand-Bold.otf */; };
		DAF1AE6D1B3FAF1B0071F3C7 /* TTLabel.m in Sources */ = {isa = PBXBuildFile; fileRef = DAF1AE6C1B3FAF1B0071F3C7 /* TTLabel.m */; };
		DAF1AE6F1B40A4C20071F3C7 /* MediaPlayer.framework in Frameworks */ = {isa = PBXBuildFile; fileRef = DAF1AE6E1B40A4C20071F3C7 /* MediaPlayer.framework */; };
		DAF1AE771B40BBDF0071F3C7 /* AssetsLibrary.framework in Frameworks */ = {isa = PBXBuildFile; fileRef = DAF1AE761B40BBDF0071F3C7 /* AssetsLibrary.framework */; };
		DAF1AE7A1B40BCD10071F3C7 /* TTImagePreviewViewController.m in Sources */ = {isa = PBXBuildFile; fileRef = DAF1AE791B40BCD10071F3C7 /* TTImagePreviewViewController.m */; };
		DAF1AE7C1B40D75A0071F3C7 /* Foundation.framework in Frameworks */ = {isa = PBXBuildFile; fileRef = DAF1AE7B1B40D75A0071F3C7 /* Foundation.framework */; };
		DAF1AE7E1B40D7800071F3C7 /* UIKit.framework in Frameworks */ = {isa = PBXBuildFile; fileRef = DAF1AE7D1B40D7800071F3C7 /* UIKit.framework */; };
/* End PBXBuildFile section */

/* Begin PBXContainerItemProxy section */
		DAB3D8221AEDB820003DA43A /* PBXContainerItemProxy */ = {
			isa = PBXContainerItemProxy;
			containerPortal = DAB3D8001AEDB820003DA43A /* Project object */;
			proxyType = 1;
			remoteGlobalIDString = DAB3D8071AEDB820003DA43A;
			remoteInfo = TickTime;
		};
/* End PBXContainerItemProxy section */

/* Begin PBXFileReference section */
		DA04E50E1B40D9660051D441 /* ALAssetsLibrary+CustomPhotoAlbum.h */ = {isa = PBXFileReference; fileEncoding = 4; lastKnownFileType = sourcecode.c.h; path = "ALAssetsLibrary+CustomPhotoAlbum.h"; sourceTree = "<group>"; };
		DA04E50F1B40D9660051D441 /* ALAssetsLibrary+CustomPhotoAlbum.m */ = {isa = PBXFileReference; fileEncoding = 4; lastKnownFileType = sourcecode.c.objc; path = "ALAssetsLibrary+CustomPhotoAlbum.m"; sourceTree = "<group>"; };
		DA6057541B6478D900E87928 /* SFCountdownView.h */ = {isa = PBXFileReference; fileEncoding = 4; lastKnownFileType = sourcecode.c.h; path = SFCountdownView.h; sourceTree = "<group>"; };
		DA6057551B6478D900E87928 /* SFCountdownView.m */ = {isa = PBXFileReference; fileEncoding = 4; lastKnownFileType = sourcecode.c.objc; path = SFCountdownView.m; sourceTree = "<group>"; };
		DA8C0C251AF6A1EC004B61F5 /* TTInstructionsViewController.h */ = {isa = PBXFileReference; fileEncoding = 4; lastKnownFileType = sourcecode.c.h; path = TTInstructionsViewController.h; sourceTree = "<group>"; };
		DA8C0C261AF6A1EC004B61F5 /* TTInstructionsViewController.m */ = {isa = PBXFileReference; fileEncoding = 4; lastKnownFileType = sourcecode.c.objc; path = TTInstructionsViewController.m; sourceTree = "<group>"; };
		DA8C0C2A1AF6AB31004B61F5 /* TTSettingsViewController.h */ = {isa = PBXFileReference; fileEncoding = 4; lastKnownFileType = sourcecode.c.h; path = TTSettingsViewController.h; sourceTree = "<group>"; };
		DA8C0C2B1AF6AB31004B61F5 /* TTSettingsViewController.m */ = {isa = PBXFileReference; fileEncoding = 4; lastKnownFileType = sourcecode.c.objc; path = TTSettingsViewController.m; sourceTree = "<group>"; };
		DA8C0C2D1AF6AF96004B61F5 /* TTBaseViewController.h */ = {isa = PBXFileReference; fileEncoding = 4; lastKnownFileType = sourcecode.c.h; path = TTBaseViewController.h; sourceTree = "<group>"; };
		DA8C0C2E1AF6AF96004B61F5 /* TTBaseViewController.m */ = {isa = PBXFileReference; fileEncoding = 4; lastKnownFileType = sourcecode.c.objc; path = TTBaseViewController.m; sourceTree = "<group>"; };
		DA8C0C301AF6B3A4004B61F5 /* TTResourcesViewController.h */ = {isa = PBXFileReference; fileEncoding = 4; lastKnownFileType = sourcecode.c.h; path = TTResourcesViewController.h; sourceTree = "<group>"; };
		DA8C0C311AF6B3A4004B61F5 /* TTResourcesViewController.m */ = {isa = PBXFileReference; fileEncoding = 4; lastKnownFileType = sourcecode.c.objc; path = TTResourcesViewController.m; sourceTree = "<group>"; };
		DA92991E1B40D7D700A1F32D /* CoreImage.framework */ = {isa = PBXFileReference; lastKnownFileType = wrapper.framework; name = CoreImage.framework; path = System/Library/Frameworks/CoreImage.framework; sourceTree = SDKROOT; };
		DAAF53271AF846F20041673F /* UIImage+FixOrientation.h */ = {isa = PBXFileReference; fileEncoding = 4; lastKnownFileType = sourcecode.c.h; path = "UIImage+FixOrientation.h"; sourceTree = "<group>"; };
		DAAF53281AF846F20041673F /* UIImage+FixOrientation.m */ = {isa = PBXFileReference; fileEncoding = 4; lastKnownFileType = sourcecode.c.objc; path = "UIImage+FixOrientation.m"; sourceTree = "<group>"; };
		DAAF532B1AF847060041673F /* LLSimpleCamera.h */ = {isa = PBXFileReference; fileEncoding = 4; lastKnownFileType = sourcecode.c.h; path = LLSimpleCamera.h; sourceTree = "<group>"; };
		DAAF532C1AF847060041673F /* LLSimpleCamera.m */ = {isa = PBXFileReference; fileEncoding = 4; lastKnownFileType = sourcecode.c.objc; path = LLSimpleCamera.m; sourceTree = "<group>"; };
		DAAF532E1AF847320041673F /* TTTickCheckViewController.h */ = {isa = PBXFileReference; fileEncoding = 4; lastKnownFileType = sourcecode.c.h; path = TTTickCheckViewController.h; sourceTree = "<group>"; };
		DAAF532F1AF847320041673F /* TTTickCheckViewController.m */ = {isa = PBXFileReference; fileEncoding = 4; lastKnownFileType = sourcecode.c.objc; path = TTTickCheckViewController.m; sourceTree = "<group>"; };
		DAAF53311AF857440041673F /* MZTimerLabel.h */ = {isa = PBXFileReference; fileEncoding = 4; lastKnownFileType = sourcecode.c.h; path = MZTimerLabel.h; sourceTree = "<group>"; };
		DAAF53321AF857440041673F /* MZTimerLabel.m */ = {isa = PBXFileReference; fileEncoding = 4; lastKnownFileType = sourcecode.c.objc; path = MZTimerLabel.m; sourceTree = "<group>"; };
		DAB3D8081AEDB820003DA43A /* TickTime.app */ = {isa = PBXFileReference; explicitFileType = wrapper.application; includeInIndex = 0; path = TickTime.app; sourceTree = BUILT_PRODUCTS_DIR; };
		DAB3D80C1AEDB820003DA43A /* Info.plist */ = {isa = PBXFileReference; lastKnownFileType = text.plist.xml; path = Info.plist; sourceTree = "<group>"; };
		DAB3D80D1AEDB820003DA43A /* main.m */ = {isa = PBXFileReference; lastKnownFileType = sourcecode.c.objc; path = main.m; sourceTree = "<group>"; };
		DAB3D80F1AEDB820003DA43A /* AppDelegate.h */ = {isa = PBXFileReference; lastKnownFileType = sourcecode.c.h; path = AppDelegate.h; sourceTree = "<group>"; };
		DAB3D8101AEDB820003DA43A /* AppDelegate.m */ = {isa = PBXFileReference; lastKnownFileType = sourcecode.c.objc; path = AppDelegate.m; sourceTree = "<group>"; };
		DAB3D8121AEDB820003DA43A /* TTLandingViewController.h */ = {isa = PBXFileReference; lastKnownFileType = sourcecode.c.h; path = TTLandingViewController.h; sourceTree = "<group>"; };
		DAB3D8131AEDB820003DA43A /* TTLandingViewController.m */ = {isa = PBXFileReference; lastKnownFileType = sourcecode.c.objc; path = TTLandingViewController.m; sourceTree = "<group>"; };
		DAB3D8161AEDB820003DA43A /* Base */ = {isa = PBXFileReference; lastKnownFileType = file.storyboard; name = Base; path = Base.lproj/Main.storyboard; sourceTree = "<group>"; };
		DAB3D8181AEDB820003DA43A /* Images.xcassets */ = {isa = PBXFileReference; lastKnownFileType = folder.assetcatalog; path = Images.xcassets; sourceTree = "<group>"; };
		DAB3D81B1AEDB820003DA43A /* Base */ = {isa = PBXFileReference; lastKnownFileType = file.xib; name = Base; path = Base.lproj/LaunchScreen.xib; sourceTree = "<group>"; };
		DAB3D8211AEDB820003DA43A /* TickTimeTests.xctest */ = {isa = PBXFileReference; explicitFileType = wrapper.cfbundle; includeInIndex = 0; path = TickTimeTests.xctest; sourceTree = BUILT_PRODUCTS_DIR; };
		DAB3D8261AEDB820003DA43A /* Info.plist */ = {isa = PBXFileReference; lastKnownFileType = text.plist.xml; path = Info.plist; sourceTree = "<group>"; };
		DAB3D8271AEDB820003DA43A /* TickTimeTests.m */ = {isa = PBXFileReference; lastKnownFileType = sourcecode.c.objc; path = TickTimeTests.m; sourceTree = "<group>"; };
		DAB3D8311AEDBBE9003DA43A /* UIImage+animatedGIF.h */ = {isa = PBXFileReference; fileEncoding = 4; lastKnownFileType = sourcecode.c.h; path = "UIImage+animatedGIF.h"; sourceTree = "<group>"; };
		DAB3D8321AEDBBE9003DA43A /* UIImage+animatedGIF.m */ = {isa = PBXFileReference; fileEncoding = 4; lastKnownFileType = sourcecode.c.objc; path = "UIImage+animatedGIF.m"; sourceTree = "<group>"; };
		DAC9EEBA1B01A6D400E3B730 /* TTBaseMenuBackgroundView.h */ = {isa = PBXFileReference; fileEncoding = 4; lastKnownFileType = sourcecode.c.h; path = TTBaseMenuBackgroundView.h; sourceTree = "<group>"; };
		DAC9EEBB1B01A6D400E3B730 /* TTBaseMenuBackgroundView.m */ = {isa = PBXFileReference; fileEncoding = 4; lastKnownFileType = sourcecode.c.objc; path = TTBaseMenuBackgroundView.m; sourceTree = "<group>"; };
		DAEBCDD71B63C57900199D84 /* tick.gif */ = {isa = PBXFileReference; lastKnownFileType = image.gif; path = tick.gif; sourceTree = "<group>"; };
		DAF1AE5D1B3F9E290071F3C7 /* TTTimePickerViewController.h */ = {isa = PBXFileReference; fileEncoding = 4; lastKnownFileType = sourcecode.c.h; path = TTTimePickerViewController.h; sourceTree = "<group>"; };
		DAF1AE5E1B3F9E290071F3C7 /* TTTimePickerViewController.m */ = {isa = PBXFileReference; fileEncoding = 4; lastKnownFileType = sourcecode.c.objc; path = TTTimePickerViewController.m; sourceTree = "<group>"; };
		DAF1AE641B3FA30D0071F3C7 /* TTButton.h */ = {isa = PBXFileReference; fileEncoding = 4; lastKnownFileType = sourcecode.c.h; path = TTButton.h; sourceTree = "<group>"; };
		DAF1AE651B3FA30D0071F3C7 /* TTButton.m */ = {isa = PBXFileReference; fileEncoding = 4; lastKnownFileType = sourcecode.c.objc; path = TTButton.m; sourceTree = "<group>"; };
		DAF1AE671B3FA5DF0071F3C7 /* Quicksand-Light.otf */ = {isa = PBXFileReference; lastKnownFileType = file; path = "Quicksand-Light.otf"; sourceTree = "<group>"; };
		DAF1AE691B3FAEBB0071F3C7 /* Quicksand-Bold.otf */ = {isa = PBXFileReference; lastKnownFileType = file; path = "Quicksand-Bold.otf"; sourceTree = "<group>"; };
		DAF1AE6B1B3FAF1B0071F3C7 /* TTLabel.h */ = {isa = PBXFileReference; fileEncoding = 4; lastKnownFileType = sourcecode.c.h; path = TTLabel.h; sourceTree = "<group>"; };
		DAF1AE6C1B3FAF1B0071F3C7 /* TTLabel.m */ = {isa = PBXFileReference; fileEncoding = 4; lastKnownFileType = sourcecode.c.objc; path = TTLabel.m; sourceTree = "<group>"; };
		DAF1AE6E1B40A4C20071F3C7 /* MediaPlayer.framework */ = {isa = PBXFileReference; lastKnownFileType = wrapper.framework; name = MediaPlayer.framework; path = System/Library/Frameworks/MediaPlayer.framework; sourceTree = SDKROOT; };
		DAF1AE761B40BBDF0071F3C7 /* AssetsLibrary.framework */ = {isa = PBXFileReference; lastKnownFileType = wrapper.framework; name = AssetsLibrary.framework; path = System/Library/Frameworks/AssetsLibrary.framework; sourceTree = SDKROOT; };
		DAF1AE781B40BCD10071F3C7 /* TTImagePreviewViewController.h */ = {isa = PBXFileReference; fileEncoding = 4; lastKnownFileType = sourcecode.c.h; path = TTImagePreviewViewController.h; sourceTree = "<group>"; };
		DAF1AE791B40BCD10071F3C7 /* TTImagePreviewViewController.m */ = {isa = PBXFileReference; fileEncoding = 4; lastKnownFileType = sourcecode.c.objc; path = TTImagePreviewViewController.m; sourceTree = "<group>"; };
		DAF1AE7B1B40D75A0071F3C7 /* Foundation.framework */ = {isa = PBXFileReference; lastKnownFileType = wrapper.framework; name = Foundation.framework; path = System/Library/Frameworks/Foundation.framework; sourceTree = SDKROOT; };
		DAF1AE7D1B40D7800071F3C7 /* UIKit.framework */ = {isa = PBXFileReference; lastKnownFileType = wrapper.framework; name = UIKit.framework; path = System/Library/Frameworks/UIKit.framework; sourceTree = SDKROOT; };
/* End PBXFileReference section */

/* Begin PBXFrameworksBuildPhase section */
		DAB3D8051AEDB820003DA43A /* Frameworks */ = {
			isa = PBXFrameworksBuildPhase;
			buildActionMask = 2147483647;
			files = (
				DA92991F1B40D7D700A1F32D /* CoreImage.framework in Frameworks */,
				DAF1AE7E1B40D7800071F3C7 /* UIKit.framework in Frameworks */,
				DAF1AE7C1B40D75A0071F3C7 /* Foundation.framework in Frameworks */,
				DAF1AE771B40BBDF0071F3C7 /* AssetsLibrary.framework in Frameworks */,
				DAF1AE6F1B40A4C20071F3C7 /* MediaPlayer.framework in Frameworks */,
			);
			runOnlyForDeploymentPostprocessing = 0;
		};
		DAB3D81E1AEDB820003DA43A /* Frameworks */ = {
			isa = PBXFrameworksBuildPhase;
			buildActionMask = 2147483647;
			files = (
			);
			runOnlyForDeploymentPostprocessing = 0;
		};
/* End PBXFrameworksBuildPhase section */

/* Begin PBXGroup section */
		DA8C0C281AF6AB14004B61F5 /* View Controllers */ = {
			isa = PBXGroup;
			children = (
				DA8C0C251AF6A1EC004B61F5 /* TTInstructionsViewController.h */,
				DA8C0C261AF6A1EC004B61F5 /* TTInstructionsViewController.m */,
				DAB3D8121AEDB820003DA43A /* TTLandingViewController.h */,
				DAB3D8131AEDB820003DA43A /* TTLandingViewController.m */,
				DA8C0C2A1AF6AB31004B61F5 /* TTSettingsViewController.h */,
				DA8C0C2B1AF6AB31004B61F5 /* TTSettingsViewController.m */,
				DA8C0C2D1AF6AF96004B61F5 /* TTBaseViewController.h */,
				DA8C0C2E1AF6AF96004B61F5 /* TTBaseViewController.m */,
				DA8C0C301AF6B3A4004B61F5 /* TTResourcesViewController.h */,
				DA8C0C311AF6B3A4004B61F5 /* TTResourcesViewController.m */,
				DAAF532E1AF847320041673F /* TTTickCheckViewController.h */,
				DAAF532F1AF847320041673F /* TTTickCheckViewController.m */,
				DAC9EEBA1B01A6D400E3B730 /* TTBaseMenuBackgroundView.h */,
				DAC9EEBB1B01A6D400E3B730 /* TTBaseMenuBackgroundView.m */,
				DAF1AE5D1B3F9E290071F3C7 /* TTTimePickerViewController.h */,
				DAF1AE5E1B3F9E290071F3C7 /* TTTimePickerViewController.m */,
				DAF1AE781B40BCD10071F3C7 /* TTImagePreviewViewController.h */,
				DAF1AE791B40BCD10071F3C7 /* TTImagePreviewViewController.m */,
			);
			name = "View Controllers";
			sourceTree = "<group>";
		};
		DA8C0C291AF6AB1D004B61F5 /* Categories */ = {
			isa = PBXGroup;
			children = (
				DA04E50E1B40D9660051D441 /* ALAssetsLibrary+CustomPhotoAlbum.h */,
				DA04E50F1B40D9660051D441 /* ALAssetsLibrary+CustomPhotoAlbum.m */,
				DAAF53271AF846F20041673F /* UIImage+FixOrientation.h */,
				DAAF53281AF846F20041673F /* UIImage+FixOrientation.m */,
				DAB3D8311AEDBBE9003DA43A /* UIImage+animatedGIF.h */,
				DAB3D8321AEDBBE9003DA43A /* UIImage+animatedGIF.m */,
			);
			name = Categories;
			sourceTree = "<group>";
		};
		DAAF532A1AF846FC0041673F /* Third Party */ = {
			isa = PBXGroup;
			children = (
				DA6057541B6478D900E87928 /* SFCountdownView.h */,
				DA6057551B6478D900E87928 /* SFCountdownView.m */,
				DAAF53311AF857440041673F /* MZTimerLabel.h */,
				DAAF53321AF857440041673F /* MZTimerLabel.m */,
				DAAF532B1AF847060041673F /* LLSimpleCamera.h */,
				DAAF532C1AF847060041673F /* LLSimpleCamera.m */,
				DAF1AE641B3FA30D0071F3C7 /* TTButton.h */,
				DAF1AE651B3FA30D0071F3C7 /* TTButton.m */,
				DAF1AE6B1B3FAF1B0071F3C7 /* TTLabel.h */,
				DAF1AE6C1B3FAF1B0071F3C7 /* TTLabel.m */,
			);
			name = "Third Party";
			sourceTree = "<group>";
		};
		DAB3D7FF1AEDB820003DA43A = {
			isa = PBXGroup;
			children = (
				DA92991E1B40D7D700A1F32D /* CoreImage.framework */,
				DAF1AE7D1B40D7800071F3C7 /* UIKit.framework */,
				DAF1AE7B1B40D75A0071F3C7 /* Foundation.framework */,
				DAF1AE761B40BBDF0071F3C7 /* AssetsLibrary.framework */,
				DAF1AE6E1B40A4C20071F3C7 /* MediaPlayer.framework */,
				DAB3D80A1AEDB820003DA43A /* TickTime */,
				DAB3D8241AEDB820003DA43A /* TickTimeTests */,
				DAB3D8091AEDB820003DA43A /* Products */,
			);
			sourceTree = "<group>";
		};
		DAB3D8091AEDB820003DA43A /* Products */ = {
			isa = PBXGroup;
			children = (
				DAB3D8081AEDB820003DA43A /* TickTime.app */,
				DAB3D8211AEDB820003DA43A /* TickTimeTests.xctest */,
			);
			name = Products;
			sourceTree = "<group>";
		};
		DAB3D80A1AEDB820003DA43A /* TickTime */ = {
			isa = PBXGroup;
			children = (
				DAAF532A1AF846FC0041673F /* Third Party */,
				DA8C0C291AF6AB1D004B61F5 /* Categories */,
				DA8C0C281AF6AB14004B61F5 /* View Controllers */,
				DAEBCDD71B63C57900199D84 /* tick.gif */,
				DAB3D80F1AEDB820003DA43A /* AppDelegate.h */,
				DAB3D8101AEDB820003DA43A /* AppDelegate.m */,
				DAB3D8151AEDB820003DA43A /* Main.storyboard */,
				DAB3D8181AEDB820003DA43A /* Images.xcassets */,
				DAB3D81A1AEDB820003DA43A /* LaunchScreen.xib */,
				DAB3D80B1AEDB820003DA43A /* Supporting Files */,
			);
			path = TickTime;
			sourceTree = "<group>";
		};
		DAB3D80B1AEDB820003DA43A /* Supporting Files */ = {
			isa = PBXGroup;
			children = (
				DAF1AE691B3FAEBB0071F3C7 /* Quicksand-Bold.otf */,
				DAF1AE671B3FA5DF0071F3C7 /* Quicksand-Light.otf */,
				DAB3D80C1AEDB820003DA43A /* Info.plist */,
				DAB3D80D1AEDB820003DA43A /* main.m */,
			);
			name = "Supporting Files";
			sourceTree = "<group>";
		};
		DAB3D8241AEDB820003DA43A /* TickTimeTests */ = {
			isa = PBXGroup;
			children = (
				DAB3D8271AEDB820003DA43A /* TickTimeTests.m */,
				DAB3D8251AEDB820003DA43A /* Supporting Files */,
			);
			path = TickTimeTests;
			sourceTree = "<group>";
		};
		DAB3D8251AEDB820003DA43A /* Supporting Files */ = {
			isa = PBXGroup;
			children = (
				DAB3D8261AEDB820003DA43A /* Info.plist */,
			);
			name = "Supporting Files";
			sourceTree = "<group>";
		};
/* End PBXGroup section */

/* Begin PBXNativeTarget section */
		DAB3D8071AEDB820003DA43A /* TickTime */ = {
			isa = PBXNativeTarget;
			buildConfigurationList = DAB3D82B1AEDB820003DA43A /* Build configuration list for PBXNativeTarget "TickTime" */;
			buildPhases = (
				DAB3D8041AEDB820003DA43A /* Sources */,
				DAB3D8051AEDB820003DA43A /* Frameworks */,
				DAB3D8061AEDB820003DA43A /* Resources */,
			);
			buildRules = (
			);
			dependencies = (
			);
			name = TickTime;
			productName = TickTime;
			productReference = DAB3D8081AEDB820003DA43A /* TickTime.app */;
			productType = "com.apple.product-type.application";
		};
		DAB3D8201AEDB820003DA43A /* TickTimeTests */ = {
			isa = PBXNativeTarget;
			buildConfigurationList = DAB3D82E1AEDB820003DA43A /* Build configuration list for PBXNativeTarget "TickTimeTests" */;
			buildPhases = (
				DAB3D81D1AEDB820003DA43A /* Sources */,
				DAB3D81E1AEDB820003DA43A /* Frameworks */,
				DAB3D81F1AEDB820003DA43A /* Resources */,
			);
			buildRules = (
			);
			dependencies = (
				DAB3D8231AEDB820003DA43A /* PBXTargetDependency */,
			);
			name = TickTimeTests;
			productName = TickTimeTests;
			productReference = DAB3D8211AEDB820003DA43A /* TickTimeTests.xctest */;
			productType = "com.apple.product-type.bundle.unit-test";
		};
/* End PBXNativeTarget section */

/* Begin PBXProject section */
		DAB3D8001AEDB820003DA43A /* Project object */ = {
			isa = PBXProject;
			attributes = {
				LastUpgradeCheck = 0630;
				ORGANIZATIONNAME = TickTime;
				TargetAttributes = {
					DAB3D8071AEDB820003DA43A = {
						CreatedOnToolsVersion = 6.3.1;
					};
					DAB3D8201AEDB820003DA43A = {
						CreatedOnToolsVersion = 6.3.1;
						TestTargetID = DAB3D8071AEDB820003DA43A;
					};
				};
			};
			buildConfigurationList = DAB3D8031AEDB820003DA43A /* Build configuration list for PBXProject "TickTime" */;
			compatibilityVersion = "Xcode 3.2";
			developmentRegion = English;
			hasScannedForEncodings = 0;
			knownRegions = (
				en,
				Base,
			);
			mainGroup = DAB3D7FF1AEDB820003DA43A;
			productRefGroup = DAB3D8091AEDB820003DA43A /* Products */;
			projectDirPath = "";
			projectRoot = "";
			targets = (
				DAB3D8071AEDB820003DA43A /* TickTime */,
				DAB3D8201AEDB820003DA43A /* TickTimeTests */,
			);
		};
/* End PBXProject section */

/* Begin PBXResourcesBuildPhase section */
		DAB3D8061AEDB820003DA43A /* Resources */ = {
			isa = PBXResourcesBuildPhase;
			buildActionMask = 2147483647;
			files = (
				DAF1AE6A1B3FAEBB0071F3C7 /* Quicksand-Bold.otf in Resources */,
				DAB3D8171AEDB820003DA43A /* Main.storyboard in Resources */,
				DAEBCDD81B63C57900199D84 /* tick.gif in Resources */,
				DAB3D81C1AEDB820003DA43A /* LaunchScreen.xib in Resources */,
				DAB3D8191AEDB820003DA43A /* Images.xcassets in Resources */,
				DAF1AE681B3FA5DF0071F3C7 /* Quicksand-Light.otf in Resources */,
			);
			runOnlyForDeploymentPostprocessing = 0;
		};
		DAB3D81F1AEDB820003DA43A /* Resources */ = {
			isa = PBXResourcesBuildPhase;
			buildActionMask = 2147483647;
			files = (
			);
			runOnlyForDeploymentPostprocessing = 0;
		};
/* End PBXResourcesBuildPhase section */

/* Begin PBXSourcesBuildPhase section */
		DAB3D8041AEDB820003DA43A /* Sources */ = {
			isa = PBXSourcesBuildPhase;
			buildActionMask = 2147483647;
			files = (
				DAAF532D1AF847060041673F /* LLSimpleCamera.m in Sources */,
				DAAF53331AF857440041673F /* MZTimerLabel.m in Sources */,
				DAF1AE7A1B40BCD10071F3C7 /* TTImagePreviewViewController.m in Sources */,
				DA8C0C321AF6B3A4004B61F5 /* TTResourcesViewController.m in Sources */,
				DAAF53291AF846F20041673F /* UIImage+FixOrientation.m in Sources */,
				DAB3D8141AEDB820003DA43A /* TTLandingViewController.m in Sources */,
				DAB3D8331AEDBBE9003DA43A /* UIImage+animatedGIF.m in Sources */,
				DA6057561B6478D900E87928 /* SFCountdownView.m in Sources */,
				DAC9EEBC1B01A6D400E3B730 /* TTBaseMenuBackgroundView.m in Sources */,
				DAAF53301AF847320041673F /* TTTickCheckViewController.m in Sources */,
				DAF1AE661B3FA30D0071F3C7 /* TTButton.m in Sources */,
				DAB3D8111AEDB820003DA43A /* AppDelegate.m in Sources */,
				DAB3D80E1AEDB820003DA43A /* main.m in Sources */,
				DA8C0C271AF6A1EC004B61F5 /* TTInstructionsViewController.m in Sources */,
				DAF1AE6D1B3FAF1B0071F3C7 /* TTLabel.m in Sources */,
				DA8C0C2F1AF6AF96004B61F5 /* TTBaseViewController.m in Sources */,
				DA8C0C2C1AF6AB31004B61F5 /* TTSettingsViewController.m in Sources */,
				DAF1AE5F1B3F9E290071F3C7 /* TTTimePickerViewController.m in Sources */,
				DA04E5101B40D9660051D441 /* ALAssetsLibrary+CustomPhotoAlbum.m in Sources */,
			);
			runOnlyForDeploymentPostprocessing = 0;
		};
		DAB3D81D1AEDB820003DA43A /* Sources */ = {
			isa = PBXSourcesBuildPhase;
			buildActionMask = 2147483647;
			files = (
				DAB3D8281AEDB820003DA43A /* TickTimeTests.m in Sources */,
			);
			runOnlyForDeploymentPostprocessing = 0;
		};
/* End PBXSourcesBuildPhase section */

/* Begin PBXTargetDependency section */
		DAB3D8231AEDB820003DA43A /* PBXTargetDependency */ = {
			isa = PBXTargetDependency;
			target = DAB3D8071AEDB820003DA43A /* TickTime */;
			targetProxy = DAB3D8221AEDB820003DA43A /* PBXContainerItemProxy */;
		};
/* End PBXTargetDependency section */

/* Begin PBXVariantGroup section */
		DAB3D8151AEDB820003DA43A /* Main.storyboard */ = {
			isa = PBXVariantGroup;
			children = (
				DAB3D8161AEDB820003DA43A /* Base */,
			);
			name = Main.storyboard;
			sourceTree = "<group>";
		};
		DAB3D81A1AEDB820003DA43A /* LaunchScreen.xib */ = {
			isa = PBXVariantGroup;
			children = (
				DAB3D81B1AEDB820003DA43A /* Base */,
			);
			name = LaunchScreen.xib;
			sourceTree = "<group>";
		};
/* End PBXVariantGroup section */

/* Begin XCBuildConfiguration section */
		DAB3D8291AEDB820003DA43A /* Debug */ = {
			isa = XCBuildConfiguration;
			buildSettings = {
				ALWAYS_SEARCH_USER_PATHS = NO;
				CLANG_CXX_LANGUAGE_STANDARD = "gnu++0x";
				CLANG_CXX_LIBRARY = "libc++";
				CLANG_ENABLE_MODULES = YES;
				CLANG_ENABLE_OBJC_ARC = YES;
				CLANG_WARN_BOOL_CONVERSION = YES;
				CLANG_WARN_CONSTANT_CONVERSION = YES;
				CLANG_WARN_DIRECT_OBJC_ISA_USAGE = YES_ERROR;
				CLANG_WARN_EMPTY_BODY = YES;
				CLANG_WARN_ENUM_CONVERSION = YES;
				CLANG_WARN_INT_CONVERSION = YES;
				CLANG_WARN_OBJC_ROOT_CLASS = YES_ERROR;
				CLANG_WARN_UNREACHABLE_CODE = YES;
				CLANG_WARN__DUPLICATE_METHOD_MATCH = YES;
				"CODE_SIGN_IDENTITY[sdk=iphoneos*]" = "iPhone Developer";
				COPY_PHASE_STRIP = NO;
				DEBUG_INFORMATION_FORMAT = "dwarf-with-dsym";
				ENABLE_STRICT_OBJC_MSGSEND = YES;
				GCC_C_LANGUAGE_STANDARD = gnu99;
				GCC_DYNAMIC_NO_PIC = NO;
				GCC_NO_COMMON_BLOCKS = YES;
				GCC_OPTIMIZATION_LEVEL = 0;
				GCC_PREPROCESSOR_DEFINITIONS = (
					"DEBUG=1",
					"$(inherited)",
				);
				GCC_SYMBOLS_PRIVATE_EXTERN = NO;
				GCC_WARN_64_TO_32_BIT_CONVERSION = YES;
				GCC_WARN_ABOUT_RETURN_TYPE = YES_ERROR;
				GCC_WARN_UNDECLARED_SELECTOR = YES;
				GCC_WARN_UNINITIALIZED_AUTOS = YES_AGGRESSIVE;
				GCC_WARN_UNUSED_FUNCTION = YES;
				GCC_WARN_UNUSED_VARIABLE = YES;
				IPHONEOS_DEPLOYMENT_TARGET = 8.3;
				MTL_ENABLE_DEBUG_INFO = YES;
				ONLY_ACTIVE_ARCH = YES;
				SDKROOT = iphoneos;
			};
			name = Debug;
		};
		DAB3D82A1AEDB820003DA43A /* Release */ = {
			isa = XCBuildConfiguration;
			buildSettings = {
				ALWAYS_SEARCH_USER_PATHS = NO;
				CLANG_CXX_LANGUAGE_STANDARD = "gnu++0x";
				CLANG_CXX_LIBRARY = "libc++";
				CLANG_ENABLE_MODULES = YES;
				CLANG_ENABLE_OBJC_ARC = YES;
				CLANG_WARN_BOOL_CONVERSION = YES;
				CLANG_WARN_CONSTANT_CONVERSION = YES;
				CLANG_WARN_DIRECT_OBJC_ISA_USAGE = YES_ERROR;
				CLANG_WARN_EMPTY_BODY = YES;
				CLANG_WARN_ENUM_CONVERSION = YES;
				CLANG_WARN_INT_CONVERSION = YES;
				CLANG_WARN_OBJC_ROOT_CLASS = YES_ERROR;
				CLANG_WARN_UNREACHABLE_CODE = YES;
				CLANG_WARN__DUPLICATE_METHOD_MATCH = YES;
				"CODE_SIGN_IDENTITY[sdk=iphoneos*]" = "iPhone Developer";
				COPY_PHASE_STRIP = NO;
				DEBUG_INFORMATION_FORMAT = "dwarf-with-dsym";
				ENABLE_NS_ASSERTIONS = NO;
				ENABLE_STRICT_OBJC_MSGSEND = YES;
				GCC_C_LANGUAGE_STANDARD = gnu99;
				GCC_NO_COMMON_BLOCKS = YES;
				GCC_WARN_64_TO_32_BIT_CONVERSION = YES;
				GCC_WARN_ABOUT_RETURN_TYPE = YES_ERROR;
				GCC_WARN_UNDECLARED_SELECTOR = YES;
				GCC_WARN_UNINITIALIZED_AUTOS = YES_AGGRESSIVE;
				GCC_WARN_UNUSED_FUNCTION = YES;
				GCC_WARN_UNUSED_VARIABLE = YES;
				IPHONEOS_DEPLOYMENT_TARGET = 8.3;
				MTL_ENABLE_DEBUG_INFO = NO;
				SDKROOT = iphoneos;
				VALIDATE_PRODUCT = YES;
			};
			name = Release;
		};
		DAB3D82C1AEDB820003DA43A /* Debug */ = {
			isa = XCBuildConfiguration;
			buildSettings = {
				ASSETCATALOG_COMPILER_APPICON_NAME = AppIcon;
				INFOPLIST_FILE = TickTime/Info.plist;
				IPHONEOS_DEPLOYMENT_TARGET = 7.0;
				LD_RUNPATH_SEARCH_PATHS = "$(inherited) @executable_path/Frameworks";
				PRODUCT_NAME = "$(TARGET_NAME)";
			};
			name = Debug;
		};
		DAB3D82D1AEDB820003DA43A /* Release */ = {
			isa = XCBuildConfiguration;
			buildSettings = {
				ASSETCATALOG_COMPILER_APPICON_NAME = AppIcon;
				INFOPLIST_FILE = TickTime/Info.plist;
				IPHONEOS_DEPLOYMENT_TARGET = 7.0;
				LD_RUNPATH_SEARCH_PATHS = "$(inherited) @executable_path/Frameworks";
				PRODUCT_NAME = "$(TARGET_NAME)";
			};
			name = Release;
		};
		DAB3D82F1AEDB820003DA43A /* Debug */ = {
			isa = XCBuildConfiguration;
			buildSettings = {
				BUNDLE_LOADER = "$(TEST_HOST)";
				FRAMEWORK_SEARCH_PATHS = (
					"$(SDKROOT)/Developer/Library/Frameworks",
					"$(inherited)",
				);
				GCC_PREPROCESSOR_DEFINITIONS = (
					"DEBUG=1",
					"$(inherited)",
				);
				INFOPLIST_FILE = TickTimeTests/Info.plist;
				LD_RUNPATH_SEARCH_PATHS = "$(inherited) @executable_path/Frameworks @loader_path/Frameworks";
				PRODUCT_NAME = "$(TARGET_NAME)";
				TEST_HOST = "$(BUILT_PRODUCTS_DIR)/TickTime.app/TickTime";
			};
			name = Debug;
		};
		DAB3D8301AEDB820003DA43A /* Release */ = {
			isa = XCBuildConfiguration;
			buildSettings = {
				BUNDLE_LOADER = "$(TEST_HOST)";
				FRAMEWORK_SEARCH_PATHS = (
					"$(SDKROOT)/Developer/Library/Frameworks",
					"$(inherited)",
				);
				INFOPLIST_FILE = TickTimeTests/Info.plist;
				LD_RUNPATH_SEARCH_PATHS = "$(inherited) @executable_path/Frameworks @loader_path/Frameworks";
				PRODUCT_NAME = "$(TARGET_NAME)";
				TEST_HOST = "$(BUILT_PRODUCTS_DIR)/TickTime.app/TickTime";
			};
			name = Release;
		};
/* End XCBuildConfiguration section */

/* Begin XCConfigurationList section */
		DAB3D8031AEDB820003DA43A /* Build configuration list for PBXProject "TickTime" */ = {
			isa = XCConfigurationList;
			buildConfigurations = (
				DAB3D8291AEDB820003DA43A /* Debug */,
				DAB3D82A1AEDB820003DA43A /* Release */,
			);
			defaultConfigurationIsVisible = 0;
			defaultConfigurationName = Release;
		};
		DAB3D82B1AEDB820003DA43A /* Build configuration list for PBXNativeTarget "TickTime" */ = {
			isa = XCConfigurationList;
			buildConfigurations = (
				DAB3D82C1AEDB820003DA43A /* Debug */,
				DAB3D82D1AEDB820003DA43A /* Release */,
			);
			defaultConfigurationIsVisible = 0;
			defaultConfigurationName = Release;
		};
		DAB3D82E1AEDB820003DA43A /* Build configuration list for PBXNativeTarget "TickTimeTests" */ = {
			isa = XCConfigurationList;
			buildConfigurations = (
				DAB3D82F1AEDB820003DA43A /* Debug */,
				DAB3D8301AEDB820003DA43A /* Release */,
			);
			defaultConfigurationIsVisible = 0;
			defaultConfigurationName = Release;
		};
/* End XCConfigurationList section */
	};
	rootObject = DAB3D8001AEDB820003DA43A /* Project object */;
}
